// !$*UTF8*$!
{
	archiveVersion = 1;
	classes = {
	};
	objectVersion = 56;
	objects = {

/* Begin PBXBuildFile section */
		AA13439E2A2559D600E92BB2 /* The_HerdApp.swift in Sources */ = {isa = PBXBuildFile; fileRef = AA13439D2A2559D600E92BB2 /* The_HerdApp.swift */; };
		AA1343A22A2559D700E92BB2 /* Assets.xcassets in Resources */ = {isa = PBXBuildFile; fileRef = AA1343A12A2559D700E92BB2 /* Assets.xcassets */; };
		AA1343A52A2559D700E92BB2 /* Preview Assets.xcassets in Resources */ = {isa = PBXBuildFile; fileRef = AA1343A42A2559D700E92BB2 /* Preview Assets.xcassets */; };
		AA1343A72A2559D700E92BB2 /* Persistence.swift in Sources */ = {isa = PBXBuildFile; fileRef = AA1343A62A2559D700E92BB2 /* Persistence.swift */; };
		AA1343AA2A2559D700E92BB2 /* The_Herd.xcdatamodeld in Sources */ = {isa = PBXBuildFile; fileRef = AA1343A82A2559D700E92BB2 /* The_Herd.xcdatamodeld */; };
		AA1343B42A2559D700E92BB2 /* The_HerdTests.swift in Sources */ = {isa = PBXBuildFile; fileRef = AA1343B32A2559D700E92BB2 /* The_HerdTests.swift */; };
		AA1343BE2A2559D700E92BB2 /* The_HerdUITests.swift in Sources */ = {isa = PBXBuildFile; fileRef = AA1343BD2A2559D700E92BB2 /* The_HerdUITests.swift */; };
		AA1343C02A2559D700E92BB2 /* The_HerdUITestsLaunchTests.swift in Sources */ = {isa = PBXBuildFile; fileRef = AA1343BF2A2559D700E92BB2 /* The_HerdUITestsLaunchTests.swift */; };
		AA1343CD2A255A2900E92BB2 /* GoogleService-Info.plist in Resources */ = {isa = PBXBuildFile; fileRef = AA1343CC2A255A2900E92BB2 /* GoogleService-Info.plist */; };
		AA1343CE2A255A2900E92BB2 /* GoogleService-Info.plist in Resources */ = {isa = PBXBuildFile; fileRef = AA1343CC2A255A2900E92BB2 /* GoogleService-Info.plist */; };
		AA1343CF2A255A2900E92BB2 /* GoogleService-Info.plist in Resources */ = {isa = PBXBuildFile; fileRef = AA1343CC2A255A2900E92BB2 /* GoogleService-Info.plist */; };
		AA1343D22A255A9300E92BB2 /* FirebaseAuth in Frameworks */ = {isa = PBXBuildFile; productRef = AA1343D12A255A9300E92BB2 /* FirebaseAuth */; };
		AA1343D42A255A9300E92BB2 /* FirebaseAuthCombine-Community in Frameworks */ = {isa = PBXBuildFile; productRef = AA1343D32A255A9300E92BB2 /* FirebaseAuthCombine-Community */; };
		AA1343D62A255A9300E92BB2 /* FirebaseFirestore in Frameworks */ = {isa = PBXBuildFile; productRef = AA1343D52A255A9300E92BB2 /* FirebaseFirestore */; };
		AA1343D82A255A9300E92BB2 /* FirebaseFirestoreCombine-Community in Frameworks */ = {isa = PBXBuildFile; productRef = AA1343D72A255A9300E92BB2 /* FirebaseFirestoreCombine-Community */; };
		AA1343DA2A255A9300E92BB2 /* FirebaseFirestoreSwift in Frameworks */ = {isa = PBXBuildFile; productRef = AA1343D92A255A9300E92BB2 /* FirebaseFirestoreSwift */; };
		AA1343DC2A255B2800E92BB2 /* Vote.swift in Sources */ = {isa = PBXBuildFile; fileRef = AA1343DB2A255B2800E92BB2 /* Vote.swift */; };
		AA1343DD2A255B2800E92BB2 /* Vote.swift in Sources */ = {isa = PBXBuildFile; fileRef = AA1343DB2A255B2800E92BB2 /* Vote.swift */; };
		AA1343DE2A255B2800E92BB2 /* Vote.swift in Sources */ = {isa = PBXBuildFile; fileRef = AA1343DB2A255B2800E92BB2 /* Vote.swift */; };
		AA1343E12A255B8C00E92BB2 /* Transportable.swift in Sources */ = {isa = PBXBuildFile; fileRef = AA1343E02A255B8C00E92BB2 /* Transportable.swift */; };
		AA1343E22A255B8C00E92BB2 /* Transportable.swift in Sources */ = {isa = PBXBuildFile; fileRef = AA1343E02A255B8C00E92BB2 /* Transportable.swift */; };
		AA1343E32A255B8C00E92BB2 /* Transportable.swift in Sources */ = {isa = PBXBuildFile; fileRef = AA1343E02A255B8C00E92BB2 /* Transportable.swift */; };
		AA1343E52A255BB900E92BB2 /* Operation.swift in Sources */ = {isa = PBXBuildFile; fileRef = AA1343E42A255BB900E92BB2 /* Operation.swift */; };
		AA1343E62A255BB900E92BB2 /* Operation.swift in Sources */ = {isa = PBXBuildFile; fileRef = AA1343E42A255BB900E92BB2 /* Operation.swift */; };
		AA1343E72A255BB900E92BB2 /* Operation.swift in Sources */ = {isa = PBXBuildFile; fileRef = AA1343E42A255BB900E92BB2 /* Operation.swift */; };
		AA1343EA2A255C3600E92BB2 /* User.swift in Sources */ = {isa = PBXBuildFile; fileRef = AA1343E92A255C3600E92BB2 /* User.swift */; };
		AA1343EB2A255C3600E92BB2 /* User.swift in Sources */ = {isa = PBXBuildFile; fileRef = AA1343E92A255C3600E92BB2 /* User.swift */; };
		AA1343EC2A255C3600E92BB2 /* User.swift in Sources */ = {isa = PBXBuildFile; fileRef = AA1343E92A255C3600E92BB2 /* User.swift */; };
		AA1343EE2A255C9D00E92BB2 /* Post.swift in Sources */ = {isa = PBXBuildFile; fileRef = AA1343ED2A255C9D00E92BB2 /* Post.swift */; };
		AA1343EF2A255C9D00E92BB2 /* Post.swift in Sources */ = {isa = PBXBuildFile; fileRef = AA1343ED2A255C9D00E92BB2 /* Post.swift */; };
		AA1343F02A255C9D00E92BB2 /* Post.swift in Sources */ = {isa = PBXBuildFile; fileRef = AA1343ED2A255C9D00E92BB2 /* Post.swift */; };
/* End PBXBuildFile section */

/* Begin PBXContainerItemProxy section */
		AA1343B02A2559D700E92BB2 /* PBXContainerItemProxy */ = {
			isa = PBXContainerItemProxy;
			containerPortal = AA1343922A2559D600E92BB2 /* Project object */;
			proxyType = 1;
			remoteGlobalIDString = AA1343992A2559D600E92BB2;
			remoteInfo = "The Herd";
		};
		AA1343BA2A2559D700E92BB2 /* PBXContainerItemProxy */ = {
			isa = PBXContainerItemProxy;
			containerPortal = AA1343922A2559D600E92BB2 /* Project object */;
			proxyType = 1;
			remoteGlobalIDString = AA1343992A2559D600E92BB2;
			remoteInfo = "The Herd";
		};
/* End PBXContainerItemProxy section */

/* Begin PBXFileReference section */
		AA13439A2A2559D600E92BB2 /* The Herd.app */ = {isa = PBXFileReference; explicitFileType = wrapper.application; includeInIndex = 0; path = "The Herd.app"; sourceTree = BUILT_PRODUCTS_DIR; };
		AA13439D2A2559D600E92BB2 /* The_HerdApp.swift */ = {isa = PBXFileReference; lastKnownFileType = sourcecode.swift; path = The_HerdApp.swift; sourceTree = "<group>"; };
		AA1343A12A2559D700E92BB2 /* Assets.xcassets */ = {isa = PBXFileReference; lastKnownFileType = folder.assetcatalog; path = Assets.xcassets; sourceTree = "<group>"; };
		AA1343A42A2559D700E92BB2 /* Preview Assets.xcassets */ = {isa = PBXFileReference; lastKnownFileType = folder.assetcatalog; path = "Preview Assets.xcassets"; sourceTree = "<group>"; };
		AA1343A62A2559D700E92BB2 /* Persistence.swift */ = {isa = PBXFileReference; lastKnownFileType = sourcecode.swift; path = Persistence.swift; sourceTree = "<group>"; };
		AA1343A92A2559D700E92BB2 /* The_Herd.xcdatamodel */ = {isa = PBXFileReference; lastKnownFileType = wrapper.xcdatamodel; path = The_Herd.xcdatamodel; sourceTree = "<group>"; };
		AA1343AF2A2559D700E92BB2 /* The HerdTests.xctest */ = {isa = PBXFileReference; explicitFileType = wrapper.cfbundle; includeInIndex = 0; path = "The HerdTests.xctest"; sourceTree = BUILT_PRODUCTS_DIR; };
		AA1343B32A2559D700E92BB2 /* The_HerdTests.swift */ = {isa = PBXFileReference; lastKnownFileType = sourcecode.swift; path = The_HerdTests.swift; sourceTree = "<group>"; };
		AA1343B92A2559D700E92BB2 /* The HerdUITests.xctest */ = {isa = PBXFileReference; explicitFileType = wrapper.cfbundle; includeInIndex = 0; path = "The HerdUITests.xctest"; sourceTree = BUILT_PRODUCTS_DIR; };
		AA1343BD2A2559D700E92BB2 /* The_HerdUITests.swift */ = {isa = PBXFileReference; lastKnownFileType = sourcecode.swift; path = The_HerdUITests.swift; sourceTree = "<group>"; };
		AA1343BF2A2559D700E92BB2 /* The_HerdUITestsLaunchTests.swift */ = {isa = PBXFileReference; lastKnownFileType = sourcecode.swift; path = The_HerdUITestsLaunchTests.swift; sourceTree = "<group>"; };
		AA1343CC2A255A2900E92BB2 /* GoogleService-Info.plist */ = {isa = PBXFileReference; fileEncoding = 4; lastKnownFileType = text.plist.xml; path = "GoogleService-Info.plist"; sourceTree = "<group>"; };
		AA1343DB2A255B2800E92BB2 /* Vote.swift */ = {isa = PBXFileReference; lastKnownFileType = sourcecode.swift; path = Vote.swift; sourceTree = "<group>"; };
		AA1343E02A255B8C00E92BB2 /* Transportable.swift */ = {isa = PBXFileReference; lastKnownFileType = sourcecode.swift; path = Transportable.swift; sourceTree = "<group>"; };
		AA1343E42A255BB900E92BB2 /* Operation.swift */ = {isa = PBXFileReference; lastKnownFileType = sourcecode.swift; path = Operation.swift; sourceTree = "<group>"; };
		AA1343E92A255C3600E92BB2 /* User.swift */ = {isa = PBXFileReference; lastKnownFileType = sourcecode.swift; path = User.swift; sourceTree = "<group>"; };
		AA1343ED2A255C9D00E92BB2 /* Post.swift */ = {isa = PBXFileReference; lastKnownFileType = sourcecode.swift; path = Post.swift; sourceTree = "<group>"; };
/* End PBXFileReference section */

/* Begin PBXFrameworksBuildPhase section */
		AA1343972A2559D600E92BB2 /* Frameworks */ = {
			isa = PBXFrameworksBuildPhase;
			buildActionMask = 2147483647;
			files = (
				AA1343DA2A255A9300E92BB2 /* FirebaseFirestoreSwift in Frameworks */,
				AA1343D22A255A9300E92BB2 /* FirebaseAuth in Frameworks */,
				AA1343D82A255A9300E92BB2 /* FirebaseFirestoreCombine-Community in Frameworks */,
				AA1343D42A255A9300E92BB2 /* FirebaseAuthCombine-Community in Frameworks */,
				AA1343D62A255A9300E92BB2 /* FirebaseFirestore in Frameworks */,
			);
			runOnlyForDeploymentPostprocessing = 0;
		};
		AA1343AC2A2559D700E92BB2 /* Frameworks */ = {
			isa = PBXFrameworksBuildPhase;
			buildActionMask = 2147483647;
			files = (
			);
			runOnlyForDeploymentPostprocessing = 0;
		};
		AA1343B62A2559D700E92BB2 /* Frameworks */ = {
			isa = PBXFrameworksBuildPhase;
			buildActionMask = 2147483647;
			files = (
			);
			runOnlyForDeploymentPostprocessing = 0;
		};
/* End PBXFrameworksBuildPhase section */

/* Begin PBXGroup section */
		AA1343912A2559D600E92BB2 = {
			isa = PBXGroup;
			children = (
				AA13439C2A2559D600E92BB2 /* The Herd */,
				AA1343B22A2559D700E92BB2 /* The HerdTests */,
				AA1343BC2A2559D700E92BB2 /* The HerdUITests */,
				AA13439B2A2559D600E92BB2 /* Products */,
			);
			sourceTree = "<group>";
		};
		AA13439B2A2559D600E92BB2 /* Products */ = {
			isa = PBXGroup;
			children = (
				AA13439A2A2559D600E92BB2 /* The Herd.app */,
				AA1343AF2A2559D700E92BB2 /* The HerdTests.xctest */,
				AA1343B92A2559D700E92BB2 /* The HerdUITests.xctest */,
			);
			name = Products;
			sourceTree = "<group>";
		};
		AA13439C2A2559D600E92BB2 /* The Herd */ = {
			isa = PBXGroup;
			children = (
				AA1343CC2A255A2900E92BB2 /* GoogleService-Info.plist */,
				AA13439D2A2559D600E92BB2 /* The_HerdApp.swift */,
				AA1343E82A255C2900E92BB2 /* Helper Files */,
				AA1343DF2A255B2B00E92BB2 /* Models */,
				AA1343A12A2559D700E92BB2 /* Assets.xcassets */,
				AA1343A62A2559D700E92BB2 /* Persistence.swift */,
				AA1343A82A2559D700E92BB2 /* The_Herd.xcdatamodeld */,
				AA1343A32A2559D700E92BB2 /* Preview Content */,
			);
			path = "The Herd";
			sourceTree = "<group>";
		};
		AA1343A32A2559D700E92BB2 /* Preview Content */ = {
			isa = PBXGroup;
			children = (
				AA1343A42A2559D700E92BB2 /* Preview Assets.xcassets */,
			);
			path = "Preview Content";
			sourceTree = "<group>";
		};
		AA1343B22A2559D700E92BB2 /* The HerdTests */ = {
			isa = PBXGroup;
			children = (
				AA1343B32A2559D700E92BB2 /* The_HerdTests.swift */,
			);
			path = "The HerdTests";
			sourceTree = "<group>";
		};
		AA1343BC2A2559D700E92BB2 /* The HerdUITests */ = {
			isa = PBXGroup;
			children = (
				AA1343BD2A2559D700E92BB2 /* The_HerdUITests.swift */,
				AA1343BF2A2559D700E92BB2 /* The_HerdUITestsLaunchTests.swift */,
			);
			path = "The HerdUITests";
			sourceTree = "<group>";
		};
		AA1343DF2A255B2B00E92BB2 /* Models */ = {
			isa = PBXGroup;
			children = (
				AA1343E92A255C3600E92BB2 /* User.swift */,
				AA1343DB2A255B2800E92BB2 /* Vote.swift */,
				AA1343ED2A255C9D00E92BB2 /* Post.swift */,
			);
			path = Models;
			sourceTree = "<group>";
		};
		AA1343E82A255C2900E92BB2 /* Helper Files */ = {
			isa = PBXGroup;
			children = (
				AA1343E02A255B8C00E92BB2 /* Transportable.swift */,
				AA1343E42A255BB900E92BB2 /* Operation.swift */,
			);
			path = "Helper Files";
			sourceTree = "<group>";
		};
/* End PBXGroup section */

/* Begin PBXNativeTarget section */
		AA1343992A2559D600E92BB2 /* The Herd */ = {
			isa = PBXNativeTarget;
			buildConfigurationList = AA1343C32A2559D700E92BB2 /* Build configuration list for PBXNativeTarget "The Herd" */;
			buildPhases = (
				AA1343962A2559D600E92BB2 /* Sources */,
				AA1343972A2559D600E92BB2 /* Frameworks */,
				AA1343982A2559D600E92BB2 /* Resources */,
			);
			buildRules = (
			);
			dependencies = (
			);
			name = "The Herd";
			packageProductDependencies = (
				AA1343D12A255A9300E92BB2 /* FirebaseAuth */,
				AA1343D32A255A9300E92BB2 /* FirebaseAuthCombine-Community */,
				AA1343D52A255A9300E92BB2 /* FirebaseFirestore */,
				AA1343D72A255A9300E92BB2 /* FirebaseFirestoreCombine-Community */,
				AA1343D92A255A9300E92BB2 /* FirebaseFirestoreSwift */,
			);
			productName = "The Herd";
			productReference = AA13439A2A2559D600E92BB2 /* The Herd.app */;
			productType = "com.apple.product-type.application";
		};
		AA1343AE2A2559D700E92BB2 /* The HerdTests */ = {
			isa = PBXNativeTarget;
			buildConfigurationList = AA1343C62A2559D700E92BB2 /* Build configuration list for PBXNativeTarget "The HerdTests" */;
			buildPhases = (
				AA1343AB2A2559D700E92BB2 /* Sources */,
				AA1343AC2A2559D700E92BB2 /* Frameworks */,
				AA1343AD2A2559D700E92BB2 /* Resources */,
			);
			buildRules = (
			);
			dependencies = (
				AA1343B12A2559D700E92BB2 /* PBXTargetDependency */,
			);
			name = "The HerdTests";
			productName = "The HerdTests";
			productReference = AA1343AF2A2559D700E92BB2 /* The HerdTests.xctest */;
			productType = "com.apple.product-type.bundle.unit-test";
		};
		AA1343B82A2559D700E92BB2 /* The HerdUITests */ = {
			isa = PBXNativeTarget;
			buildConfigurationList = AA1343C92A2559D700E92BB2 /* Build configuration list for PBXNativeTarget "The HerdUITests" */;
			buildPhases = (
				AA1343B52A2559D700E92BB2 /* Sources */,
				AA1343B62A2559D700E92BB2 /* Frameworks */,
				AA1343B72A2559D700E92BB2 /* Resources */,
			);
			buildRules = (
			);
			dependencies = (
				AA1343BB2A2559D700E92BB2 /* PBXTargetDependency */,
			);
			name = "The HerdUITests";
			productName = "The HerdUITests";
			productReference = AA1343B92A2559D700E92BB2 /* The HerdUITests.xctest */;
			productType = "com.apple.product-type.bundle.ui-testing";
		};
/* End PBXNativeTarget section */

/* Begin PBXProject section */
		AA1343922A2559D600E92BB2 /* Project object */ = {
			isa = PBXProject;
			attributes = {
				BuildIndependentTargetsInParallel = 1;
				LastSwiftUpdateCheck = 1430;
				LastUpgradeCheck = 1430;
				TargetAttributes = {
					AA1343992A2559D600E92BB2 = {
						CreatedOnToolsVersion = 14.3;
					};
					AA1343AE2A2559D700E92BB2 = {
						CreatedOnToolsVersion = 14.3;
						TestTargetID = AA1343992A2559D600E92BB2;
					};
					AA1343B82A2559D700E92BB2 = {
						CreatedOnToolsVersion = 14.3;
						TestTargetID = AA1343992A2559D600E92BB2;
					};
				};
			};
			buildConfigurationList = AA1343952A2559D600E92BB2 /* Build configuration list for PBXProject "The Herd" */;
			compatibilityVersion = "Xcode 14.0";
			developmentRegion = en;
			hasScannedForEncodings = 0;
			knownRegions = (
				en,
				Base,
			);
			mainGroup = AA1343912A2559D600E92BB2;
			packageReferences = (
				AA1343D02A255A9300E92BB2 /* XCRemoteSwiftPackageReference "firebase-ios-sdk" */,
			);
			productRefGroup = AA13439B2A2559D600E92BB2 /* Products */;
			projectDirPath = "";
			projectRoot = "";
			targets = (
				AA1343992A2559D600E92BB2 /* The Herd */,
				AA1343AE2A2559D700E92BB2 /* The HerdTests */,
				AA1343B82A2559D700E92BB2 /* The HerdUITests */,
			);
		};
/* End PBXProject section */

/* Begin PBXResourcesBuildPhase section */
		AA1343982A2559D600E92BB2 /* Resources */ = {
			isa = PBXResourcesBuildPhase;
			buildActionMask = 2147483647;
			files = (
				AA1343A52A2559D700E92BB2 /* Preview Assets.xcassets in Resources */,
				AA1343CD2A255A2900E92BB2 /* GoogleService-Info.plist in Resources */,
				AA1343A22A2559D700E92BB2 /* Assets.xcassets in Resources */,
			);
			runOnlyForDeploymentPostprocessing = 0;
		};
		AA1343AD2A2559D700E92BB2 /* Resources */ = {
			isa = PBXResourcesBuildPhase;
			buildActionMask = 2147483647;
			files = (
				AA1343CE2A255A2900E92BB2 /* GoogleService-Info.plist in Resources */,
			);
			runOnlyForDeploymentPostprocessing = 0;
		};
		AA1343B72A2559D700E92BB2 /* Resources */ = {
			isa = PBXResourcesBuildPhase;
			buildActionMask = 2147483647;
			files = (
				AA1343CF2A255A2900E92BB2 /* GoogleService-Info.plist in Resources */,
			);
			runOnlyForDeploymentPostprocessing = 0;
		};
/* End PBXResourcesBuildPhase section */

/* Begin PBXSourcesBuildPhase section */
		AA1343962A2559D600E92BB2 /* Sources */ = {
			isa = PBXSourcesBuildPhase;
			buildActionMask = 2147483647;
			files = (
				AA1343AA2A2559D700E92BB2 /* The_Herd.xcdatamodeld in Sources */,
				AA1343E12A255B8C00E92BB2 /* Transportable.swift in Sources */,
				AA1343A72A2559D700E92BB2 /* Persistence.swift in Sources */,
				AA1343EE2A255C9D00E92BB2 /* Post.swift in Sources */,
				AA13439E2A2559D600E92BB2 /* The_HerdApp.swift in Sources */,
				AA1343DC2A255B2800E92BB2 /* Vote.swift in Sources */,
				AA1343E52A255BB900E92BB2 /* Operation.swift in Sources */,
				AA1343EA2A255C3600E92BB2 /* User.swift in Sources */,
			);
			runOnlyForDeploymentPostprocessing = 0;
		};
		AA1343AB2A2559D700E92BB2 /* Sources */ = {
			isa = PBXSourcesBuildPhase;
			buildActionMask = 2147483647;
			files = (
				AA1343E22A255B8C00E92BB2 /* Transportable.swift in Sources */,
				AA1343B42A2559D700E92BB2 /* The_HerdTests.swift in Sources */,
				AA1343DD2A255B2800E92BB2 /* Vote.swift in Sources */,
				AA1343EF2A255C9D00E92BB2 /* Post.swift in Sources */,
				AA1343EB2A255C3600E92BB2 /* User.swift in Sources */,
				AA1343E62A255BB900E92BB2 /* Operation.swift in Sources */,
			);
			runOnlyForDeploymentPostprocessing = 0;
		};
		AA1343B52A2559D700E92BB2 /* Sources */ = {
			isa = PBXSourcesBuildPhase;
			buildActionMask = 2147483647;
			files = (
				AA1343C02A2559D700E92BB2 /* The_HerdUITestsLaunchTests.swift in Sources */,
				AA1343DE2A255B2800E92BB2 /* Vote.swift in Sources */,
				AA1343EC2A255C3600E92BB2 /* User.swift in Sources */,
				AA1343BE2A2559D700E92BB2 /* The_HerdUITests.swift in Sources */,
				AA1343E72A255BB900E92BB2 /* Operation.swift in Sources */,
				AA1343F02A255C9D00E92BB2 /* Post.swift in Sources */,
				AA1343E32A255B8C00E92BB2 /* Transportable.swift in Sources */,
			);
			runOnlyForDeploymentPostprocessing = 0;
		};
/* End PBXSourcesBuildPhase section */

/* Begin PBXTargetDependency section */
		AA1343B12A2559D700E92BB2 /* PBXTargetDependency */ = {
			isa = PBXTargetDependency;
			target = AA1343992A2559D600E92BB2 /* The Herd */;
			targetProxy = AA1343B02A2559D700E92BB2 /* PBXContainerItemProxy */;
		};
		AA1343BB2A2559D700E92BB2 /* PBXTargetDependency */ = {
			isa = PBXTargetDependency;
			target = AA1343992A2559D600E92BB2 /* The Herd */;
			targetProxy = AA1343BA2A2559D700E92BB2 /* PBXContainerItemProxy */;
		};
/* End PBXTargetDependency section */

/* Begin XCBuildConfiguration section */
		AA1343C12A2559D700E92BB2 /* Debug */ = {
			isa = XCBuildConfiguration;
			buildSettings = {
				ALWAYS_SEARCH_USER_PATHS = NO;
				CLANG_ANALYZER_NONNULL = YES;
				CLANG_ANALYZER_NUMBER_OBJECT_CONVERSION = YES_AGGRESSIVE;
				CLANG_CXX_LANGUAGE_STANDARD = "gnu++20";
				CLANG_ENABLE_MODULES = YES;
				CLANG_ENABLE_OBJC_ARC = YES;
				CLANG_ENABLE_OBJC_WEAK = YES;
				CLANG_WARN_BLOCK_CAPTURE_AUTORELEASING = YES;
				CLANG_WARN_BOOL_CONVERSION = YES;
				CLANG_WARN_COMMA = YES;
				CLANG_WARN_CONSTANT_CONVERSION = YES;
				CLANG_WARN_DEPRECATED_OBJC_IMPLEMENTATIONS = YES;
				CLANG_WARN_DIRECT_OBJC_ISA_USAGE = YES_ERROR;
				CLANG_WARN_DOCUMENTATION_COMMENTS = YES;
				CLANG_WARN_EMPTY_BODY = YES;
				CLANG_WARN_ENUM_CONVERSION = YES;
				CLANG_WARN_INFINITE_RECURSION = YES;
				CLANG_WARN_INT_CONVERSION = YES;
				CLANG_WARN_NON_LITERAL_NULL_CONVERSION = YES;
				CLANG_WARN_OBJC_IMPLICIT_RETAIN_SELF = YES;
				CLANG_WARN_OBJC_LITERAL_CONVERSION = YES;
				CLANG_WARN_OBJC_ROOT_CLASS = YES_ERROR;
				CLANG_WARN_QUOTED_INCLUDE_IN_FRAMEWORK_HEADER = YES;
				CLANG_WARN_RANGE_LOOP_ANALYSIS = YES;
				CLANG_WARN_STRICT_PROTOTYPES = YES;
				CLANG_WARN_SUSPICIOUS_MOVE = YES;
				CLANG_WARN_UNGUARDED_AVAILABILITY = YES_AGGRESSIVE;
				CLANG_WARN_UNREACHABLE_CODE = YES;
				CLANG_WARN__DUPLICATE_METHOD_MATCH = YES;
				COPY_PHASE_STRIP = NO;
				DEBUG_INFORMATION_FORMAT = dwarf;
				ENABLE_STRICT_OBJC_MSGSEND = YES;
				ENABLE_TESTABILITY = YES;
				GCC_C_LANGUAGE_STANDARD = gnu11;
				GCC_DYNAMIC_NO_PIC = NO;
				GCC_NO_COMMON_BLOCKS = YES;
				GCC_OPTIMIZATION_LEVEL = 0;
				GCC_PREPROCESSOR_DEFINITIONS = (
					"DEBUG=1",
					"$(inherited)",
				);
				GCC_WARN_64_TO_32_BIT_CONVERSION = YES;
				GCC_WARN_ABOUT_RETURN_TYPE = YES_ERROR;
				GCC_WARN_UNDECLARED_SELECTOR = YES;
				GCC_WARN_UNINITIALIZED_AUTOS = YES_AGGRESSIVE;
				GCC_WARN_UNUSED_FUNCTION = YES;
				GCC_WARN_UNUSED_VARIABLE = YES;
				IPHONEOS_DEPLOYMENT_TARGET = 16.4;
				MTL_ENABLE_DEBUG_INFO = INCLUDE_SOURCE;
				MTL_FAST_MATH = YES;
				ONLY_ACTIVE_ARCH = YES;
				SDKROOT = iphoneos;
				SWIFT_ACTIVE_COMPILATION_CONDITIONS = DEBUG;
				SWIFT_OPTIMIZATION_LEVEL = "-Onone";
			};
			name = Debug;
		};
		AA1343C22A2559D700E92BB2 /* Release */ = {
			isa = XCBuildConfiguration;
			buildSettings = {
				ALWAYS_SEARCH_USER_PATHS = NO;
				CLANG_ANALYZER_NONNULL = YES;
				CLANG_ANALYZER_NUMBER_OBJECT_CONVERSION = YES_AGGRESSIVE;
				CLANG_CXX_LANGUAGE_STANDARD = "gnu++20";
				CLANG_ENABLE_MODULES = YES;
				CLANG_ENABLE_OBJC_ARC = YES;
				CLANG_ENABLE_OBJC_WEAK = YES;
				CLANG_WARN_BLOCK_CAPTURE_AUTORELEASING = YES;
				CLANG_WARN_BOOL_CONVERSION = YES;
				CLANG_WARN_COMMA = YES;
				CLANG_WARN_CONSTANT_CONVERSION = YES;
				CLANG_WARN_DEPRECATED_OBJC_IMPLEMENTATIONS = YES;
				CLANG_WARN_DIRECT_OBJC_ISA_USAGE = YES_ERROR;
				CLANG_WARN_DOCUMENTATION_COMMENTS = YES;
				CLANG_WARN_EMPTY_BODY = YES;
				CLANG_WARN_ENUM_CONVERSION = YES;
				CLANG_WARN_INFINITE_RECURSION = YES;
				CLANG_WARN_INT_CONVERSION = YES;
				CLANG_WARN_NON_LITERAL_NULL_CONVERSION = YES;
				CLANG_WARN_OBJC_IMPLICIT_RETAIN_SELF = YES;
				CLANG_WARN_OBJC_LITERAL_CONVERSION = YES;
				CLANG_WARN_OBJC_ROOT_CLASS = YES_ERROR;
				CLANG_WARN_QUOTED_INCLUDE_IN_FRAMEWORK_HEADER = YES;
				CLANG_WARN_RANGE_LOOP_ANALYSIS = YES;
				CLANG_WARN_STRICT_PROTOTYPES = YES;
				CLANG_WARN_SUSPICIOUS_MOVE = YES;
				CLANG_WARN_UNGUARDED_AVAILABILITY = YES_AGGRESSIVE;
				CLANG_WARN_UNREACHABLE_CODE = YES;
				CLANG_WARN__DUPLICATE_METHOD_MATCH = YES;
				COPY_PHASE_STRIP = NO;
				DEBUG_INFORMATION_FORMAT = "dwarf-with-dsym";
				ENABLE_NS_ASSERTIONS = NO;
				ENABLE_STRICT_OBJC_MSGSEND = YES;
				GCC_C_LANGUAGE_STANDARD = gnu11;
				GCC_NO_COMMON_BLOCKS = YES;
				GCC_WARN_64_TO_32_BIT_CONVERSION = YES;
				GCC_WARN_ABOUT_RETURN_TYPE = YES_ERROR;
				GCC_WARN_UNDECLARED_SELECTOR = YES;
				GCC_WARN_UNINITIALIZED_AUTOS = YES_AGGRESSIVE;
				GCC_WARN_UNUSED_FUNCTION = YES;
				GCC_WARN_UNUSED_VARIABLE = YES;
				IPHONEOS_DEPLOYMENT_TARGET = 16.4;
				MTL_ENABLE_DEBUG_INFO = NO;
				MTL_FAST_MATH = YES;
				SDKROOT = iphoneos;
				SWIFT_COMPILATION_MODE = wholemodule;
				SWIFT_OPTIMIZATION_LEVEL = "-O";
				VALIDATE_PRODUCT = YES;
			};
			name = Release;
		};
		AA1343C42A2559D700E92BB2 /* Debug */ = {
			isa = XCBuildConfiguration;
			buildSettings = {
				ASSETCATALOG_COMPILER_APPICON_NAME = AppIcon;
				ASSETCATALOG_COMPILER_GLOBAL_ACCENT_COLOR_NAME = AccentColor;
				CODE_SIGN_STYLE = Automatic;
				CURRENT_PROJECT_VERSION = 1;
				DEVELOPMENT_ASSET_PATHS = "\"The Herd/Preview Content\"";
				DEVELOPMENT_TEAM = GUDZ7ALN9J;
				ENABLE_PREVIEWS = YES;
				GENERATE_INFOPLIST_FILE = YES;
				INFOPLIST_KEY_UIApplicationSceneManifest_Generation = YES;
				INFOPLIST_KEY_UIApplicationSupportsIndirectInputEvents = YES;
				INFOPLIST_KEY_UILaunchScreen_Generation = YES;
				INFOPLIST_KEY_UISupportedInterfaceOrientations_iPad = "UIInterfaceOrientationPortrait UIInterfaceOrientationPortraitUpsideDown UIInterfaceOrientationLandscapeLeft UIInterfaceOrientationLandscapeRight";
				INFOPLIST_KEY_UISupportedInterfaceOrientations_iPhone = "UIInterfaceOrientationPortrait UIInterfaceOrientationLandscapeLeft UIInterfaceOrientationLandscapeRight";
				LD_RUNPATH_SEARCH_PATHS = (
					"$(inherited)",
					"@executable_path/Frameworks",
				);
				MARKETING_VERSION = 1.0;
				PRODUCT_BUNDLE_IDENTIFIER = "Ethan.The-Herd";
				PRODUCT_NAME = "$(TARGET_NAME)";
				SWIFT_EMIT_LOC_STRINGS = YES;
				SWIFT_VERSION = 5.0;
				TARGETED_DEVICE_FAMILY = "1,2";
			};
			name = Debug;
		};
		AA1343C52A2559D700E92BB2 /* Release */ = {
			isa = XCBuildConfiguration;
			buildSettings = {
				ASSETCATALOG_COMPILER_APPICON_NAME = AppIcon;
				ASSETCATALOG_COMPILER_GLOBAL_ACCENT_COLOR_NAME = AccentColor;
				CODE_SIGN_STYLE = Automatic;
				CURRENT_PROJECT_VERSION = 1;
				DEVELOPMENT_ASSET_PATHS = "\"The Herd/Preview Content\"";
				DEVELOPMENT_TEAM = GUDZ7ALN9J;
				ENABLE_PREVIEWS = YES;
				GENERATE_INFOPLIST_FILE = YES;
				INFOPLIST_KEY_UIApplicationSceneManifest_Generation = YES;
				INFOPLIST_KEY_UIApplicationSupportsIndirectInputEvents = YES;
				INFOPLIST_KEY_UILaunchScreen_Generation = YES;
				INFOPLIST_KEY_UISupportedInterfaceOrientations_iPad = "UIInterfaceOrientationPortrait UIInterfaceOrientationPortraitUpsideDown UIInterfaceOrientationLandscapeLeft UIInterfaceOrientationLandscapeRight";
				INFOPLIST_KEY_UISupportedInterfaceOrientations_iPhone = "UIInterfaceOrientationPortrait UIInterfaceOrientationLandscapeLeft UIInterfaceOrientationLandscapeRight";
				LD_RUNPATH_SEARCH_PATHS = (
					"$(inherited)",
					"@executable_path/Frameworks",
				);
				MARKETING_VERSION = 1.0;
				PRODUCT_BUNDLE_IDENTIFIER = "Ethan.The-Herd";
				PRODUCT_NAME = "$(TARGET_NAME)";
				SWIFT_EMIT_LOC_STRINGS = YES;
				SWIFT_VERSION = 5.0;
				TARGETED_DEVICE_FAMILY = "1,2";
			};
			name = Release;
		};
		AA1343C72A2559D700E92BB2 /* Debug */ = {
			isa = XCBuildConfiguration;
			buildSettings = {
				ALWAYS_EMBED_SWIFT_STANDARD_LIBRARIES = YES;
				BUNDLE_LOADER = "$(TEST_HOST)";
				CODE_SIGN_STYLE = Automatic;
				CURRENT_PROJECT_VERSION = 1;
				DEVELOPMENT_TEAM = GUDZ7ALN9J;
				GENERATE_INFOPLIST_FILE = YES;
				IPHONEOS_DEPLOYMENT_TARGET = 16.4;
				MARKETING_VERSION = 1.0;
				PRODUCT_BUNDLE_IDENTIFIER = "Ethan.The-HerdTests";
				PRODUCT_NAME = "$(TARGET_NAME)";
				SWIFT_EMIT_LOC_STRINGS = NO;
				SWIFT_VERSION = 5.0;
				TARGETED_DEVICE_FAMILY = "1,2";
				TEST_HOST = "$(BUILT_PRODUCTS_DIR)/The Herd.app/$(BUNDLE_EXECUTABLE_FOLDER_PATH)/The Herd";
			};
			name = Debug;
		};
		AA1343C82A2559D700E92BB2 /* Release */ = {
			isa = XCBuildConfiguration;
			buildSettings = {
				ALWAYS_EMBED_SWIFT_STANDARD_LIBRARIES = YES;
				BUNDLE_LOADER = "$(TEST_HOST)";
				CODE_SIGN_STYLE = Automatic;
				CURRENT_PROJECT_VERSION = 1;
				DEVELOPMENT_TEAM = GUDZ7ALN9J;
				GENERATE_INFOPLIST_FILE = YES;
				IPHONEOS_DEPLOYMENT_TARGET = 16.4;
				MARKETING_VERSION = 1.0;
				PRODUCT_BUNDLE_IDENTIFIER = "Ethan.The-HerdTests";
				PRODUCT_NAME = "$(TARGET_NAME)";
				SWIFT_EMIT_LOC_STRINGS = NO;
				SWIFT_VERSION = 5.0;
				TARGETED_DEVICE_FAMILY = "1,2";
				TEST_HOST = "$(BUILT_PRODUCTS_DIR)/The Herd.app/$(BUNDLE_EXECUTABLE_FOLDER_PATH)/The Herd";
			};
			name = Release;
		};
		AA1343CA2A2559D700E92BB2 /* Debug */ = {
			isa = XCBuildConfiguration;
			buildSettings = {
				ALWAYS_EMBED_SWIFT_STANDARD_LIBRARIES = YES;
				CODE_SIGN_STYLE = Automatic;
				CURRENT_PROJECT_VERSION = 1;
				DEVELOPMENT_TEAM = GUDZ7ALN9J;
				GENERATE_INFOPLIST_FILE = YES;
				MARKETING_VERSION = 1.0;
				PRODUCT_BUNDLE_IDENTIFIER = "Ethan.The-HerdUITests";
				PRODUCT_NAME = "$(TARGET_NAME)";
				SWIFT_EMIT_LOC_STRINGS = NO;
				SWIFT_VERSION = 5.0;
				TARGETED_DEVICE_FAMILY = "1,2";
				TEST_TARGET_NAME = "The Herd";
			};
			name = Debug;
		};
		AA1343CB2A2559D700E92BB2 /* Release */ = {
			isa = XCBuildConfiguration;
			buildSettings = {
				ALWAYS_EMBED_SWIFT_STANDARD_LIBRARIES = YES;
				CODE_SIGN_STYLE = Automatic;
				CURRENT_PROJECT_VERSION = 1;
				DEVELOPMENT_TEAM = GUDZ7ALN9J;
				GENERATE_INFOPLIST_FILE = YES;
				MARKETING_VERSION = 1.0;
				PRODUCT_BUNDLE_IDENTIFIER = "Ethan.The-HerdUITests";
				PRODUCT_NAME = "$(TARGET_NAME)";
				SWIFT_EMIT_LOC_STRINGS = NO;
				SWIFT_VERSION = 5.0;
				TARGETED_DEVICE_FAMILY = "1,2";
				TEST_TARGET_NAME = "The Herd";
			};
			name = Release;
		};
/* End XCBuildConfiguration section */

/* Begin XCConfigurationList section */
		AA1343952A2559D600E92BB2 /* Build configuration list for PBXProject "The Herd" */ = {
			isa = XCConfigurationList;
			buildConfigurations = (
				AA1343C12A2559D700E92BB2 /* Debug */,
				AA1343C22A2559D700E92BB2 /* Release */,
			);
			defaultConfigurationIsVisible = 0;
			defaultConfigurationName = Release;
		};
		AA1343C32A2559D700E92BB2 /* Build configuration list for PBXNativeTarget "The Herd" */ = {
			isa = XCConfigurationList;
			buildConfigurations = (
				AA1343C42A2559D700E92BB2 /* Debug */,
				AA1343C52A2559D700E92BB2 /* Release */,
			);
			defaultConfigurationIsVisible = 0;
			defaultConfigurationName = Release;
		};
		AA1343C62A2559D700E92BB2 /* Build configuration list for PBXNativeTarget "The HerdTests" */ = {
			isa = XCConfigurationList;
			buildConfigurations = (
				AA1343C72A2559D700E92BB2 /* Debug */,
				AA1343C82A2559D700E92BB2 /* Release */,
			);
			defaultConfigurationIsVisible = 0;
			defaultConfigurationName = Release;
		};
		AA1343C92A2559D700E92BB2 /* Build configuration list for PBXNativeTarget "The HerdUITests" */ = {
			isa = XCConfigurationList;
			buildConfigurations = (
				AA1343CA2A2559D700E92BB2 /* Debug */,
				AA1343CB2A2559D700E92BB2 /* Release */,
			);
			defaultConfigurationIsVisible = 0;
			defaultConfigurationName = Release;
		};
/* End XCConfigurationList section */

/* Begin XCRemoteSwiftPackageReference section */
		AA1343D02A255A9300E92BB2 /* XCRemoteSwiftPackageReference "firebase-ios-sdk" */ = {
			isa = XCRemoteSwiftPackageReference;
			repositoryURL = "https://github.com/firebase/firebase-ios-sdk";
			requirement = {
				kind = upToNextMajorVersion;
				minimumVersion = 10.0.0;
			};
		};
/* End XCRemoteSwiftPackageReference section */

/* Begin XCSwiftPackageProductDependency section */
		AA1343D12A255A9300E92BB2 /* FirebaseAuth */ = {
			isa = XCSwiftPackageProductDependency;
			package = AA1343D02A255A9300E92BB2 /* XCRemoteSwiftPackageReference "firebase-ios-sdk" */;
			productName = FirebaseAuth;
		};
		AA1343D32A255A9300E92BB2 /* FirebaseAuthCombine-Community */ = {
			isa = XCSwiftPackageProductDependency;
			package = AA1343D02A255A9300E92BB2 /* XCRemoteSwiftPackageReference "firebase-ios-sdk" */;
			productName = "FirebaseAuthCombine-Community";
		};
		AA1343D52A255A9300E92BB2 /* FirebaseFirestore */ = {
			isa = XCSwiftPackageProductDependency;
			package = AA1343D02A255A9300E92BB2 /* XCRemoteSwiftPackageReference "firebase-ios-sdk" */;
			productName = FirebaseFirestore;
		};
		AA1343D72A255A9300E92BB2 /* FirebaseFirestoreCombine-Community */ = {
			isa = XCSwiftPackageProductDependency;
			package = AA1343D02A255A9300E92BB2 /* XCRemoteSwiftPackageReference "firebase-ios-sdk" */;
			productName = "FirebaseFirestoreCombine-Community";
		};
		AA1343D92A255A9300E92BB2 /* FirebaseFirestoreSwift */ = {
			isa = XCSwiftPackageProductDependency;
			package = AA1343D02A255A9300E92BB2 /* XCRemoteSwiftPackageReference "firebase-ios-sdk" */;
			productName = FirebaseFirestoreSwift;
		};
/* End XCSwiftPackageProductDependency section */

/* Begin XCVersionGroup section */
		AA1343A82A2559D700E92BB2 /* The_Herd.xcdatamodeld */ = {
			isa = XCVersionGroup;
			children = (
				AA1343A92A2559D700E92BB2 /* The_Herd.xcdatamodel */,
			);
			currentVersion = AA1343A92A2559D700E92BB2 /* The_Herd.xcdatamodel */;
			path = The_Herd.xcdatamodeld;
			sourceTree = "<group>";
			versionGroupType = wrapper.xcdatamodel;
		};
/* End XCVersionGroup section */
	};
	rootObject = AA1343922A2559D600E92BB2 /* Project object */;
}
